# This is a Gradle generated file for dependency locking.
# Manual edits can break the build and are not advised.
# This file is expected to be part of source control.
ch.qos.logback:logback-classic:1.5.6=ktlint
ch.qos.logback:logback-core:1.5.6=ktlint
com.fasterxml.jackson.core:jackson-annotations:2.17.1=compileClasspath
com.fasterxml.jackson.core:jackson-core:2.17.1=compileClasspath
com.fasterxml.jackson.core:jackson-databind:2.17.1=compileClasspath
com.fasterxml.jackson.datatype:jackson-datatype-jsr310:2.17.1=compileClasspath
com.fasterxml.jackson.module:jackson-module-kotlin:2.17.1=compileClasspath
com.fasterxml.jackson:jackson-bom:2.17.1=compileClasspath
com.pinterest.ktlint:ktlint-cli-reporter-baseline:1.0.1=ktlint
com.pinterest.ktlint:ktlint-cli-reporter-checkstyle:1.0.1=ktlint
com.pinterest.ktlint:ktlint-cli-reporter-core:1.0.1=ktlint
com.pinterest.ktlint:ktlint-cli-reporter-format:1.0.1=ktlint
com.pinterest.ktlint:ktlint-cli-reporter-html:1.0.1=ktlint
com.pinterest.ktlint:ktlint-cli-reporter-json:1.0.1=ktlint
com.pinterest.ktlint:ktlint-cli-reporter-plain-summary:1.0.1=ktlint
com.pinterest.ktlint:ktlint-cli-reporter-plain:1.0.1=ktlint
com.pinterest.ktlint:ktlint-cli-reporter-sarif:1.0.1=ktlint
com.pinterest.ktlint:ktlint-cli-ruleset-core:1.0.1=ktlint,ktlintRuleset
com.pinterest.ktlint:ktlint-cli:1.0.1=ktlint
com.pinterest.ktlint:ktlint-logger:1.0.1=ktlint,ktlintRuleset
com.pinterest.ktlint:ktlint-rule-engine-core:1.0.1=ktlint,ktlintRuleset
com.pinterest.ktlint:ktlint-rule-engine:1.0.1=ktlint
com.pinterest.ktlint:ktlint-ruleset-standard:1.0.1=ktlint,ktlintRuleset
dev.drewhamilton.poko:poko-annotations-jvm:0.15.0=ktlint,ktlintRuleset
dev.drewhamilton.poko:poko-annotations:0.15.0=ktlint,ktlintRuleset
info.picocli:picocli:4.7.5=ktlint
io.github.detekt.sarif4k:sarif4k-jvm:0.5.0=ktlint,ktlintReporter
io.github.detekt.sarif4k:sarif4k:0.5.0=ktlint,ktlintReporter
io.github.oshai:kotlin-logging-jvm:5.1.0=ktlint,ktlintReporter,ktlintRuleset
io.github.oshai:kotlin-logging:5.1.0=ktlint,ktlintReporter
io.micrometer:micrometer-commons:1.13.0=compileClasspath
io.micrometer:micrometer-observation:1.13.0=compileClasspath
org.ec4j.core:ec4j-core:0.3.0=ktlint,ktlintRuleset
org.jetbrains.intellij.deps:trove4j:1.0.20200330=kotlinBuildToolsApiClasspath,kotlinCompilerClasspath,ktlint,ktlintRuleset
org.jetbrains.kotlin:kotlin-build-common:2.0.21=kotlinBuildToolsApiClasspath
org.jetbrains.kotlin:kotlin-build-tools-api:2.0.21=kotlinBuildToolsApiClasspath
org.jetbrains.kotlin:kotlin-build-tools-impl:2.0.21=kotlinBuildToolsApiClasspath
org.jetbrains.kotlin:kotlin-compiler-embeddable:1.9.24=kotlinBuildToolsApiClasspath,ktlint,ktlintRuleset
org.jetbrains.kotlin:kotlin-compiler-embeddable:2.0.21=kotlinCompilerClasspath
org.jetbrains.kotlin:kotlin-compiler-runner:2.0.21=kotlinBuildToolsApiClasspath
org.jetbrains.kotlin:kotlin-daemon-client:1.9.24=kotlinBuildToolsApiClasspath
org.jetbrains.kotlin:kotlin-daemon-embeddable:1.9.24=kotlinBuildToolsApiClasspath,ktlint,ktlintRuleset
org.jetbrains.kotlin:kotlin-daemon-embeddable:2.0.21=kotlinCompilerClasspath
org.jetbrains.kotlin:kotlin-reflect:1.9.24=compileClasspath,kotlinBuildToolsApiClasspath,kotlinCompilerClasspath,ktlint,ktlintRuleset
org.jetbrains.kotlin:kotlin-script-runtime:1.9.24=kotlinBuildToolsApiClasspath,kotlinCompilerClasspath,kotlinCompilerPluginClasspathMain,ktlint,ktlintRuleset
org.jetbrains.kotlin:kotlin-scripting-common:1.9.24=kotlinBuildToolsApiClasspath,kotlinCompilerPluginClasspathMain
org.jetbrains.kotlin:kotlin-scripting-compiler-embeddable:2.0.21=kotlinBuildToolsApiClasspath,kotlinCompilerPluginClasspathMain
org.jetbrains.kotlin:kotlin-scripting-compiler-impl-embeddable:2.0.21=kotlinBuildToolsApiClasspath,kotlinCompilerPluginClasspathMain
org.jetbrains.kotlin:kotlin-scripting-jvm:1.9.24=kotlinBuildToolsApiClasspath,kotlinCompilerPluginClasspathMain
org.jetbrains.kotlin:kotlin-stdlib-common:1.9.24=ktlintReporter,ktlintRuleset
org.jetbrains.kotlin:kotlin-stdlib-jdk7:1.9.24=ktlint,ktlintReporter,ktlintRuleset
org.jetbrains.kotlin:kotlin-stdlib-jdk8:1.9.24=ktlint,ktlintReporter,ktlintRuleset
org.jetbrains.kotlin:kotlin-stdlib:1.9.24=kotlinBuildToolsApiClasspath,kotlinCompilerClasspath,kotlinCompilerPluginClasspathMain,ktlint,ktlintReporter,ktlintRuleset
org.jetbrains.kotlin:kotlin-stdlib:2.0.21=compileClasspath
org.jetbrains.kotlinx:kotlinx-coroutines-core-jvm:1.8.1=kotlinBuildToolsApiClasspath,kotlinCompilerClasspath
org.jetbrains.kotlinx:kotlinx-serialization-bom:1.6.3=ktlintReporter
org.jetbrains.kotlinx:kotlinx-serialization-core-jvm:1.6.3=ktlintReporter
org.jetbrains.kotlinx:kotlinx-serialization-core:1.6.3=ktlintReporter
org.jetbrains.kotlinx:kotlinx-serialization-json-jvm:1.6.3=ktlintReporter
org.jetbrains.kotlinx:kotlinx-serialization-json:1.6.3=ktlintReporter
org.jetbrains:annotations:13.0=compileClasspath,kotlinBuildToolsApiClasspath,kotlinCompilerClasspath,kotlinCompilerPluginClasspathMain,ktlint,ktlintReporter,ktlintRuleset
org.slf4j:slf4j-api:2.0.13=ktlint
org.springframework.boot:spring-boot-autoconfigure:3.3.0=compileClasspath
org.springframework.boot:spring-boot:3.3.0=compileClasspath
org.springframework:spring-aop:6.1.8=compileClasspath
org.springframework:spring-beans:6.1.8=compileClasspath
org.springframework:spring-context:6.1.8=compileClasspath
org.springframework:spring-core:6.1.8=compileClasspath
org.springframework:spring-expression:6.1.8=compileClasspath
org.springframework:spring-jcl:6.1.8=compileClasspath
org.springframework:spring-web:6.1.8=compileClasspath
empty=kotlinScriptDefExtensions,testKotlinScriptDefExtensions
